
Microsoft Visual Studio Solution File, Format Version 10.00
# Visual Studio 2008
Project("{FAE04EC0-301F-11D3-BF4B-00C04F79EFBC}") = "Example", "Example.csproj", "{AEFB2B89-7CA6-44E5-B12F-FD3C0558CCAD}"
EndProject
Global
	GlobalSection(SolutionConfigurationPlatforms) = preSolution
		Debug|Any CPU = Debug|Any CPU
		Release|Any CPU = Release|Any CPU
	EndGlobalSection
	GlobalSection(ProjectConfigurationPlatforms) = postSolution
		{AEFB2B89-7CA6-44E5-B12F-FD3C0558CCAD}.Debug|Any CPU.ActiveCfg = Debug|Any CPU
		{AEFB2B89-7CA6-44E5-B12F-FD3C0558CCAD}.Debug|Any CPU.Build.0 = Debug|Any CPU
		{AEFB2B89-7CA6-44E5-B12F-FD3C0558CCAD}.Release|Any CPU.ActiveCfg = Release|Any CPU
		{AEFB2B89-7CA6-44E5-B12F-FD3C0558CCAD}.Release|Any CPU.Build.0 = Release|Any CPU
	EndGlobalSection
	GlobalSection(SolutionProperties) = preSolution
		HideSolutionNode = FALSE
	EndGlobalSection
EndGlobal
